<?xml version="1.0" encoding="UTF-8"?>
<!DOCTYPE plist PUBLIC "-//Apple//DTD PLIST 1.0//EN" "http://www.apple.com/DTDs/PropertyList-1.0.dtd">
<plist version="1.0">
<dict>
	<key>archiveVersion</key>
	<string>1</string>
	<key>classes</key>
	<dict/>
	<key>objectVersion</key>
	<string>46</string>
	<key>objects</key>
	<dict>
		<key>21BAAECC89C2822AFE4D3A44</key>
		<dict>
			<key>includeInIndex</key>
			<string>1</string>
			<key>isa</key>
			<string>PBXFileReference</string>
			<key>lastKnownFileType</key>
			<string>text.xcconfig</string>
			<key>name</key>
			<string>Pods-Raccoon_Example.debug.xcconfig</string>
			<key>path</key>
			<string>Pods/Target Support Files/Pods-Raccoon_Example/Pods-Raccoon_Example.debug.xcconfig</string>
			<key>sourceTree</key>
			<string>&lt;group&gt;</string>
		</dict>
		<key>4D4A7C00D66BC872B5C26B6A</key>
		<dict>
			<key>includeInIndex</key>
			<string>1</string>
			<key>isa</key>
			<string>PBXFileReference</string>
			<key>lastKnownFileType</key>
			<string>text.json</string>
			<key>name</key>
			<string>Raccoon.podspec.json</string>
			<key>path</key>
			<string>../Raccoon.podspec.json</string>
			<key>sourceTree</key>
			<string>&lt;group&gt;</string>
		</dict>
		<key>4F5F01683480C8B33C03613B</key>
		<dict>
			<key>includeInIndex</key>
			<string>1</string>
			<key>isa</key>
			<string>PBXFileReference</string>
			<key>lastKnownFileType</key>
			<string>text.xcconfig</string>
			<key>name</key>
			<string>Pods-Raccoon_Example.release.xcconfig</string>
			<key>path</key>
			<string>Pods/Target Support Files/Pods-Raccoon_Example/Pods-Raccoon_Example.release.xcconfig</string>
			<key>sourceTree</key>
			<string>&lt;group&gt;</string>
		</dict>
		<key>5DD06A6D11E8CE05BE1FB667</key>
		<dict>
			<key>explicitFileType</key>
			<string>wrapper.framework</string>
			<key>includeInIndex</key>
			<string>0</string>
			<key>isa</key>
			<string>PBXFileReference</string>
			<key>path</key>
			<string>Pods_Raccoon_Example.framework</string>
			<key>sourceTree</key>
			<string>BUILT_PRODUCTS_DIR</string>
		</dict>
		<key>607FACC71AFB9204008FA782</key>
		<dict>
			<key>children</key>
			<array>
				<string>607FACF51AFB993E008FA782</string>
				<string>607FACD21AFB9204008FA782</string>
				<string>607FACE81AFB9204008FA782</string>
				<string>607FACD11AFB9204008FA782</string>
				<string>A737D47C722395D14D3B0BD2</string>
				<string>D44D5CF230F398A59DB09224</string>
			</array>
			<key>isa</key>
			<string>PBXGroup</string>
			<key>sourceTree</key>
			<string>&lt;group&gt;</string>
		</dict>
		<key>607FACC81AFB9204008FA782</key>
		<dict>
			<key>attributes</key>
			<dict>
				<key>LastSwiftUpdateCheck</key>
				<string>0730</string>
				<key>LastUpgradeCheck</key>
				<string>0720</string>
				<key>ORGANIZATIONNAME</key>
				<string>CocoaPods</string>
				<key>TargetAttributes</key>
				<dict>
					<key>607FACCF1AFB9204008FA782</key>
					<dict>
						<key>CreatedOnToolsVersion</key>
						<string>6.3.1</string>
					</dict>
					<key>607FACE41AFB9204008FA782</key>
					<dict>
						<key>CreatedOnToolsVersion</key>
						<string>6.3.1</string>
						<key>TestTargetID</key>
						<string>607FACCF1AFB9204008FA782</string>
					</dict>
				</dict>
			</dict>
			<key>buildConfigurationList</key>
			<string>607FACCB1AFB9204008FA782</string>
			<key>compatibilityVersion</key>
			<string>Xcode 3.2</string>
			<key>developmentRegion</key>
			<string>English</string>
			<key>hasScannedForEncodings</key>
			<string>0</string>
			<key>isa</key>
			<string>PBXProject</string>
			<key>knownRegions</key>
			<array>
				<string>en</string>
				<string>Base</string>
			</array>
			<key>mainGroup</key>
			<string>607FACC71AFB9204008FA782</string>
			<key>productRefGroup</key>
			<string>607FACD11AFB9204008FA782</string>
			<key>projectDirPath</key>
			<string></string>
			<key>projectReferences</key>
			<array/>
			<key>projectRoot</key>
			<string></string>
			<key>targets</key>
			<array>
				<string>607FACCF1AFB9204008FA782</string>
				<string>607FACE41AFB9204008FA782</string>
			</array>
		</dict>
		<key>607FACCB1AFB9204008FA782</key>
		<dict>
			<key>buildConfigurations</key>
			<array>
				<string>607FACED1AFB9204008FA782</string>
				<string>607FACEE1AFB9204008FA782</string>
			</array>
			<key>defaultConfigurationIsVisible</key>
			<string>0</string>
			<key>defaultConfigurationName</key>
			<string>Release</string>
			<key>isa</key>
			<string>XCConfigurationList</string>
		</dict>
		<key>607FACCC1AFB9204008FA782</key>
		<dict>
			<key>buildActionMask</key>
			<string>2147483647</string>
			<key>files</key>
			<array>
				<string>C6DC44661CBD20DA001728E5</string>
				<string>C65FEC8C1CB2D19200520B4F</string>
				<string>C6FD0C9A1CB3C85400B48BD6</string>
				<string>C6DC44641CBD1DB8001728E5</string>
				<string>C65FEC801CB2979B00520B4F</string>
				<string>607FACD81AFB9204008FA782</string>
				<string>C6DC44681CBD2119001728E5</string>
				<string>C6FD0C981CB3C82A00B48BD6</string>
				<string>7B5F1C901CAD2D7B00FD2002</string>
				<string>607FACD61AFB9204008FA782</string>
				<string>7B5F1C981CAD62D100FD2002</string>
				<string>7B5F1C8D1CAD2CCB00FD2002</string>
				<string>7B5F1C891CAD2A1300FD2002</string>
				<string>7B801FC11CAF316D007E17B2</string>
				<string>C6DC44621CBD1D8F001728E5</string>
				<string>C65FEC7E1CB27C7800520B4F</string>
				<string>C65FEC881CB2CEB300520B4F</string>
			</array>
			<key>isa</key>
			<string>PBXSourcesBuildPhase</string>
			<key>runOnlyForDeploymentPostprocessing</key>
			<string>0</string>
		</dict>
		<key>607FACCD1AFB9204008FA782</key>
		<dict>
			<key>buildActionMask</key>
			<string>2147483647</string>
			<key>files</key>
			<array>
				<string>A95F0661E11FD44D0DF1A9F5</string>
			</array>
			<key>isa</key>
			<string>PBXFrameworksBuildPhase</string>
			<key>runOnlyForDeploymentPostprocessing</key>
			<string>0</string>
		</dict>
		<key>607FACCE1AFB9204008FA782</key>
		<dict>
			<key>buildActionMask</key>
			<string>2147483647</string>
			<key>files</key>
			<array>
				<string>7B5F1C931CAD39CE00FD2002</string>
				<string>607FACDB1AFB9204008FA782</string>
				<string>607FACE01AFB9204008FA782</string>
				<string>C65FEC8E1CB2D1BA00520B4F</string>
				<string>C6DC44601CBD0FA2001728E5</string>
				<string>7B5F1C911CAD2D7B00FD2002</string>
				<string>C6FD0C9C1CB3CDFD00B48BD6</string>
				<string>607FACDD1AFB9204008FA782</string>
			</array>
			<key>isa</key>
			<string>PBXResourcesBuildPhase</string>
			<key>runOnlyForDeploymentPostprocessing</key>
			<string>0</string>
		</dict>
		<key>607FACCF1AFB9204008FA782</key>
		<dict>
			<key>buildConfigurationList</key>
			<string>607FACEF1AFB9204008FA782</string>
			<key>buildPhases</key>
			<array>
				<string>8089B45A0398BF32BF82C977</string>
				<string>607FACCC1AFB9204008FA782</string>
				<string>607FACCD1AFB9204008FA782</string>
				<string>607FACCE1AFB9204008FA782</string>
				<string>80DEF1C543FD3599B6102409</string>
				<string>BB60A8272A26C7878FB451BA</string>
				<string>A820CDFFF705BB891D50C27D</string>
			</array>
			<key>buildRules</key>
			<array/>
			<key>dependencies</key>
			<array/>
			<key>isa</key>
			<string>PBXNativeTarget</string>
			<key>name</key>
			<string>Raccoon_Example</string>
			<key>productName</key>
			<string>Raccoon</string>
			<key>productReference</key>
			<string>607FACD01AFB9204008FA782</string>
			<key>productType</key>
			<string>com.apple.product-type.application</string>
		</dict>
		<key>607FACD01AFB9204008FA782</key>
		<dict>
			<key>explicitFileType</key>
			<string>wrapper.application</string>
			<key>includeInIndex</key>
			<string>0</string>
			<key>isa</key>
			<string>PBXFileReference</string>
			<key>path</key>
			<string>Raccoon_Example.app</string>
			<key>sourceTree</key>
			<string>BUILT_PRODUCTS_DIR</string>
		</dict>
		<key>607FACD11AFB9204008FA782</key>
		<dict>
			<key>children</key>
			<array>
				<string>607FACD01AFB9204008FA782</string>
				<string>607FACE51AFB9204008FA782</string>
			</array>
			<key>isa</key>
			<string>PBXGroup</string>
			<key>name</key>
			<string>Products</string>
			<key>sourceTree</key>
			<string>&lt;group&gt;</string>
		</dict>
		<key>607FACD21AFB9204008FA782</key>
		<dict>
			<key>children</key>
			<array>
				<string>607FACD51AFB9204008FA782</string>
				<string>7B801FC21CAF34AC007E17B2</string>
				<string>7B5F1C961CAD625900FD2002</string>
				<string>7B5F1C921CAD39CE00FD2002</string>
				<string>607FACD91AFB9204008FA782</string>
				<string>607FACDC1AFB9204008FA782</string>
				<string>607FACDE1AFB9204008FA782</string>
				<string>607FACD31AFB9204008FA782</string>
				<string>7BE7915B1CC6613B0023FF08</string>
			</array>
			<key>isa</key>
			<string>PBXGroup</string>
			<key>name</key>
			<string>Example for Raccoon</string>
			<key>path</key>
			<string>Raccoon</string>
			<key>sourceTree</key>
			<string>&lt;group&gt;</string>
		</dict>
		<key>607FACD31AFB9204008FA782</key>
		<dict>
			<key>children</key>
			<array>
				<string>607FACD41AFB9204008FA782</string>
			</array>
			<key>isa</key>
			<string>PBXGroup</string>
			<key>name</key>
			<string>Supporting Files</string>
			<key>sourceTree</key>
			<string>&lt;group&gt;</string>
		</dict>
		<key>607FACD41AFB9204008FA782</key>
		<dict>
			<key>isa</key>
			<string>PBXFileReference</string>
			<key>lastKnownFileType</key>
			<string>text.plist.xml</string>
			<key>path</key>
			<string>Info.plist</string>
			<key>sourceTree</key>
			<string>&lt;group&gt;</string>
		</dict>
		<key>607FACD51AFB9204008FA782</key>
		<dict>
			<key>isa</key>
			<string>PBXFileReference</string>
			<key>lastKnownFileType</key>
			<string>sourcecode.swift</string>
			<key>path</key>
			<string>AppDelegate.swift</string>
			<key>sourceTree</key>
			<string>&lt;group&gt;</string>
		</dict>
		<key>607FACD61AFB9204008FA782</key>
		<dict>
			<key>fileRef</key>
			<string>607FACD51AFB9204008FA782</string>
			<key>isa</key>
			<string>PBXBuildFile</string>
		</dict>
		<key>607FACD71AFB9204008FA782</key>
		<dict>
			<key>isa</key>
			<string>PBXFileReference</string>
			<key>lastKnownFileType</key>
			<string>sourcecode.swift</string>
			<key>path</key>
			<string>ListViewController.swift</string>
			<key>sourceTree</key>
			<string>&lt;group&gt;</string>
		</dict>
		<key>607FACD81AFB9204008FA782</key>
		<dict>
			<key>fileRef</key>
			<string>607FACD71AFB9204008FA782</string>
			<key>isa</key>
			<string>PBXBuildFile</string>
		</dict>
		<key>607FACD91AFB9204008FA782</key>
		<dict>
			<key>children</key>
			<array>
				<string>607FACDA1AFB9204008FA782</string>
			</array>
			<key>isa</key>
			<string>PBXVariantGroup</string>
			<key>name</key>
			<string>Main.storyboard</string>
			<key>sourceTree</key>
			<string>&lt;group&gt;</string>
		</dict>
		<key>607FACDA1AFB9204008FA782</key>
		<dict>
			<key>isa</key>
			<string>PBXFileReference</string>
			<key>lastKnownFileType</key>
			<string>file.storyboard</string>
			<key>name</key>
			<string>Base</string>
			<key>path</key>
			<string>Base.lproj/Main.storyboard</string>
			<key>sourceTree</key>
			<string>&lt;group&gt;</string>
		</dict>
		<key>607FACDB1AFB9204008FA782</key>
		<dict>
			<key>fileRef</key>
			<string>607FACD91AFB9204008FA782</string>
			<key>isa</key>
			<string>PBXBuildFile</string>
		</dict>
		<key>607FACDC1AFB9204008FA782</key>
		<dict>
			<key>isa</key>
			<string>PBXFileReference</string>
			<key>lastKnownFileType</key>
			<string>folder.assetcatalog</string>
			<key>path</key>
			<string>Images.xcassets</string>
			<key>sourceTree</key>
			<string>&lt;group&gt;</string>
		</dict>
		<key>607FACDD1AFB9204008FA782</key>
		<dict>
			<key>fileRef</key>
			<string>607FACDC1AFB9204008FA782</string>
			<key>isa</key>
			<string>PBXBuildFile</string>
		</dict>
		<key>607FACDE1AFB9204008FA782</key>
		<dict>
			<key>children</key>
			<array>
				<string>607FACDF1AFB9204008FA782</string>
			</array>
			<key>isa</key>
			<string>PBXVariantGroup</string>
			<key>name</key>
			<string>LaunchScreen.xib</string>
			<key>sourceTree</key>
			<string>&lt;group&gt;</string>
		</dict>
		<key>607FACDF1AFB9204008FA782</key>
		<dict>
			<key>isa</key>
			<string>PBXFileReference</string>
			<key>lastKnownFileType</key>
			<string>file.xib</string>
			<key>name</key>
			<string>Base</string>
			<key>path</key>
			<string>Base.lproj/LaunchScreen.xib</string>
			<key>sourceTree</key>
			<string>&lt;group&gt;</string>
		</dict>
		<key>607FACE01AFB9204008FA782</key>
		<dict>
			<key>fileRef</key>
			<string>607FACDE1AFB9204008FA782</string>
			<key>isa</key>
			<string>PBXBuildFile</string>
		</dict>
		<key>607FACE11AFB9204008FA782</key>
		<dict>
			<key>buildActionMask</key>
			<string>2147483647</string>
			<key>files</key>
			<array>
				<string>607FACEC1AFB9204008FA782</string>
			</array>
			<key>isa</key>
			<string>PBXSourcesBuildPhase</string>
			<key>runOnlyForDeploymentPostprocessing</key>
			<string>0</string>
		</dict>
		<key>607FACE21AFB9204008FA782</key>
		<dict>
			<key>buildActionMask</key>
			<string>2147483647</string>
			<key>files</key>
			<array/>
			<key>isa</key>
			<string>PBXFrameworksBuildPhase</string>
			<key>runOnlyForDeploymentPostprocessing</key>
			<string>0</string>
		</dict>
		<key>607FACE31AFB9204008FA782</key>
		<dict>
			<key>buildActionMask</key>
			<string>2147483647</string>
			<key>files</key>
			<array/>
			<key>isa</key>
			<string>PBXResourcesBuildPhase</string>
			<key>runOnlyForDeploymentPostprocessing</key>
			<string>0</string>
		</dict>
		<key>607FACE41AFB9204008FA782</key>
		<dict>
			<key>buildConfigurationList</key>
			<string>607FACF21AFB9204008FA782</string>
			<key>buildPhases</key>
			<array>
				<string>607FACE11AFB9204008FA782</string>
				<string>607FACE21AFB9204008FA782</string>
				<string>607FACE31AFB9204008FA782</string>
			</array>
			<key>buildRules</key>
			<array/>
			<key>dependencies</key>
			<array>
				<string>607FACE71AFB9204008FA782</string>
			</array>
			<key>isa</key>
			<string>PBXNativeTarget</string>
			<key>name</key>
			<string>Raccoon_Tests</string>
			<key>productName</key>
			<string>Tests</string>
			<key>productReference</key>
			<string>607FACE51AFB9204008FA782</string>
			<key>productType</key>
			<string>com.apple.product-type.bundle.unit-test</string>
		</dict>
		<key>607FACE51AFB9204008FA782</key>
		<dict>
			<key>explicitFileType</key>
			<string>wrapper.cfbundle</string>
			<key>includeInIndex</key>
			<string>0</string>
			<key>isa</key>
			<string>PBXFileReference</string>
			<key>path</key>
			<string>Raccoon_Tests.xctest</string>
			<key>sourceTree</key>
			<string>BUILT_PRODUCTS_DIR</string>
		</dict>
		<key>607FACE61AFB9204008FA782</key>
		<dict>
			<key>containerPortal</key>
			<string>607FACC81AFB9204008FA782</string>
			<key>isa</key>
			<string>PBXContainerItemProxy</string>
			<key>proxyType</key>
			<string>1</string>
			<key>remoteGlobalIDString</key>
			<string>607FACCF1AFB9204008FA782</string>
			<key>remoteInfo</key>
			<string>Raccoon</string>
		</dict>
		<key>607FACE71AFB9204008FA782</key>
		<dict>
			<key>isa</key>
			<string>PBXTargetDependency</string>
			<key>target</key>
			<string>607FACCF1AFB9204008FA782</string>
			<key>targetProxy</key>
			<string>607FACE61AFB9204008FA782</string>
		</dict>
		<key>607FACE81AFB9204008FA782</key>
		<dict>
			<key>children</key>
			<array>
				<string>607FACEB1AFB9204008FA782</string>
				<string>607FACE91AFB9204008FA782</string>
			</array>
			<key>isa</key>
			<string>PBXGroup</string>
			<key>path</key>
			<string>Tests</string>
			<key>sourceTree</key>
			<string>&lt;group&gt;</string>
		</dict>
		<key>607FACE91AFB9204008FA782</key>
		<dict>
			<key>children</key>
			<array>
				<string>607FACEA1AFB9204008FA782</string>
			</array>
			<key>isa</key>
			<string>PBXGroup</string>
			<key>name</key>
			<string>Supporting Files</string>
			<key>sourceTree</key>
			<string>&lt;group&gt;</string>
		</dict>
		<key>607FACEA1AFB9204008FA782</key>
		<dict>
			<key>isa</key>
			<string>PBXFileReference</string>
			<key>lastKnownFileType</key>
			<string>text.plist.xml</string>
			<key>path</key>
			<string>Info.plist</string>
			<key>sourceTree</key>
			<string>&lt;group&gt;</string>
		</dict>
		<key>607FACEB1AFB9204008FA782</key>
		<dict>
			<key>isa</key>
			<string>PBXFileReference</string>
			<key>lastKnownFileType</key>
			<string>sourcecode.swift</string>
			<key>path</key>
			<string>Tests.swift</string>
			<key>sourceTree</key>
			<string>&lt;group&gt;</string>
		</dict>
		<key>607FACEC1AFB9204008FA782</key>
		<dict>
			<key>fileRef</key>
			<string>607FACEB1AFB9204008FA782</string>
			<key>isa</key>
			<string>PBXBuildFile</string>
		</dict>
		<key>607FACED1AFB9204008FA782</key>
		<dict>
			<key>buildSettings</key>
			<dict>
				<key>ALWAYS_SEARCH_USER_PATHS</key>
				<string>NO</string>
				<key>CLANG_CXX_LANGUAGE_STANDARD</key>
				<string>gnu++0x</string>
				<key>CLANG_CXX_LIBRARY</key>
				<string>libc++</string>
				<key>CLANG_ENABLE_MODULES</key>
				<string>YES</string>
				<key>CLANG_ENABLE_OBJC_ARC</key>
				<string>YES</string>
				<key>CLANG_WARN_BOOL_CONVERSION</key>
				<string>YES</string>
				<key>CLANG_WARN_CONSTANT_CONVERSION</key>
				<string>YES</string>
				<key>CLANG_WARN_DIRECT_OBJC_ISA_USAGE</key>
				<string>YES_ERROR</string>
				<key>CLANG_WARN_EMPTY_BODY</key>
				<string>YES</string>
				<key>CLANG_WARN_ENUM_CONVERSION</key>
				<string>YES</string>
				<key>CLANG_WARN_INT_CONVERSION</key>
				<string>YES</string>
				<key>CLANG_WARN_OBJC_ROOT_CLASS</key>
				<string>YES_ERROR</string>
				<key>CLANG_WARN_UNREACHABLE_CODE</key>
				<string>YES</string>
				<key>CLANG_WARN__DUPLICATE_METHOD_MATCH</key>
				<string>YES</string>
				<key>CODE_SIGN_IDENTITY[sdk=iphoneos*]</key>
				<string>iPhone Developer</string>
				<key>COPY_PHASE_STRIP</key>
				<string>NO</string>
				<key>DEBUG_INFORMATION_FORMAT</key>
				<string>dwarf-with-dsym</string>
				<key>ENABLE_STRICT_OBJC_MSGSEND</key>
				<string>YES</string>
				<key>ENABLE_TESTABILITY</key>
				<string>YES</string>
				<key>GCC_C_LANGUAGE_STANDARD</key>
				<string>gnu99</string>
				<key>GCC_DYNAMIC_NO_PIC</key>
				<string>NO</string>
				<key>GCC_NO_COMMON_BLOCKS</key>
				<string>YES</string>
				<key>GCC_OPTIMIZATION_LEVEL</key>
				<string>0</string>
				<key>GCC_PREPROCESSOR_DEFINITIONS</key>
				<array>
					<string>DEBUG=1</string>
					<string>$(inherited)</string>
				</array>
				<key>GCC_SYMBOLS_PRIVATE_EXTERN</key>
				<string>NO</string>
				<key>GCC_WARN_64_TO_32_BIT_CONVERSION</key>
				<string>YES</string>
				<key>GCC_WARN_ABOUT_RETURN_TYPE</key>
				<string>YES_ERROR</string>
				<key>GCC_WARN_UNDECLARED_SELECTOR</key>
				<string>YES</string>
				<key>GCC_WARN_UNINITIALIZED_AUTOS</key>
				<string>YES_AGGRESSIVE</string>
				<key>GCC_WARN_UNUSED_FUNCTION</key>
				<string>YES</string>
				<key>GCC_WARN_UNUSED_VARIABLE</key>
				<string>YES</string>
				<key>IPHONEOS_DEPLOYMENT_TARGET</key>
				<string>8.3</string>
				<key>MTL_ENABLE_DEBUG_INFO</key>
				<string>YES</string>
				<key>ONLY_ACTIVE_ARCH</key>
				<string>YES</string>
				<key>SDKROOT</key>
				<string>iphoneos</string>
				<key>SWIFT_OPTIMIZATION_LEVEL</key>
				<string>-Onone</string>
			</dict>
			<key>isa</key>
			<string>XCBuildConfiguration</string>
			<key>name</key>
			<string>Debug</string>
		</dict>
		<key>607FACEE1AFB9204008FA782</key>
		<dict>
			<key>buildSettings</key>
			<dict>
				<key>ALWAYS_SEARCH_USER_PATHS</key>
				<string>NO</string>
				<key>CLANG_CXX_LANGUAGE_STANDARD</key>
				<string>gnu++0x</string>
				<key>CLANG_CXX_LIBRARY</key>
				<string>libc++</string>
				<key>CLANG_ENABLE_MODULES</key>
				<string>YES</string>
				<key>CLANG_ENABLE_OBJC_ARC</key>
				<string>YES</string>
				<key>CLANG_WARN_BOOL_CONVERSION</key>
				<string>YES</string>
				<key>CLANG_WARN_CONSTANT_CONVERSION</key>
				<string>YES</string>
				<key>CLANG_WARN_DIRECT_OBJC_ISA_USAGE</key>
				<string>YES_ERROR</string>
				<key>CLANG_WARN_EMPTY_BODY</key>
				<string>YES</string>
				<key>CLANG_WARN_ENUM_CONVERSION</key>
				<string>YES</string>
				<key>CLANG_WARN_INT_CONVERSION</key>
				<string>YES</string>
				<key>CLANG_WARN_OBJC_ROOT_CLASS</key>
				<string>YES_ERROR</string>
				<key>CLANG_WARN_UNREACHABLE_CODE</key>
				<string>YES</string>
				<key>CLANG_WARN__DUPLICATE_METHOD_MATCH</key>
				<string>YES</string>
				<key>CODE_SIGN_IDENTITY[sdk=iphoneos*]</key>
				<string>iPhone Developer</string>
				<key>COPY_PHASE_STRIP</key>
				<string>NO</string>
				<key>DEBUG_INFORMATION_FORMAT</key>
				<string>dwarf-with-dsym</string>
				<key>ENABLE_NS_ASSERTIONS</key>
				<string>NO</string>
				<key>ENABLE_STRICT_OBJC_MSGSEND</key>
				<string>YES</string>
				<key>GCC_C_LANGUAGE_STANDARD</key>
				<string>gnu99</string>
				<key>GCC_NO_COMMON_BLOCKS</key>
				<string>YES</string>
				<key>GCC_WARN_64_TO_32_BIT_CONVERSION</key>
				<string>YES</string>
				<key>GCC_WARN_ABOUT_RETURN_TYPE</key>
				<string>YES_ERROR</string>
				<key>GCC_WARN_UNDECLARED_SELECTOR</key>
				<string>YES</string>
				<key>GCC_WARN_UNINITIALIZED_AUTOS</key>
				<string>YES_AGGRESSIVE</string>
				<key>GCC_WARN_UNUSED_FUNCTION</key>
				<string>YES</string>
				<key>GCC_WARN_UNUSED_VARIABLE</key>
				<string>YES</string>
				<key>IPHONEOS_DEPLOYMENT_TARGET</key>
				<string>8.3</string>
				<key>MTL_ENABLE_DEBUG_INFO</key>
				<string>NO</string>
				<key>SDKROOT</key>
				<string>iphoneos</string>
				<key>VALIDATE_PRODUCT</key>
				<string>YES</string>
			</dict>
			<key>isa</key>
			<string>XCBuildConfiguration</string>
			<key>name</key>
			<string>Release</string>
		</dict>
		<key>607FACEF1AFB9204008FA782</key>
		<dict>
			<key>buildConfigurations</key>
			<array>
				<string>607FACF01AFB9204008FA782</string>
				<string>607FACF11AFB9204008FA782</string>
			</array>
			<key>defaultConfigurationIsVisible</key>
			<string>0</string>
			<key>defaultConfigurationName</key>
			<string>Release</string>
			<key>isa</key>
			<string>XCConfigurationList</string>
		</dict>
		<key>607FACF01AFB9204008FA782</key>
		<dict>
			<key>baseConfigurationReference</key>
			<string>21BAAECC89C2822AFE4D3A44</string>
			<key>buildSettings</key>
			<dict>
				<key>ASSETCATALOG_COMPILER_APPICON_NAME</key>
				<string>AppIcon</string>
				<key>CLANG_ENABLE_MODULES</key>
				<string>YES</string>
				<key>INFOPLIST_FILE</key>
				<string>Raccoon/Info.plist</string>
				<key>IPHONEOS_DEPLOYMENT_TARGET</key>
				<string>9.0</string>
				<key>LD_RUNPATH_SEARCH_PATHS</key>
				<string>$(inherited) @executable_path/Frameworks</string>
				<key>MODULE_NAME</key>
				<string>ExampleApp</string>
				<key>PRODUCT_BUNDLE_IDENTIFIER</key>
				<string>org.cocoapods.demo.$(PRODUCT_NAME:rfc1034identifier)</string>
				<key>PRODUCT_NAME</key>
				<string>$(TARGET_NAME)</string>
				<key>SWIFT_OBJC_BRIDGING_HEADER</key>
				<string>Raccoon/Raccoon_Example-Bridging-Header.h</string>
				<key>SWIFT_OPTIMIZATION_LEVEL</key>
				<string>-Onone</string>
			</dict>
			<key>isa</key>
			<string>XCBuildConfiguration</string>
			<key>name</key>
			<string>Debug</string>
		</dict>
		<key>607FACF11AFB9204008FA782</key>
		<dict>
			<key>baseConfigurationReference</key>
			<string>4F5F01683480C8B33C03613B</string>
			<key>buildSettings</key>
			<dict>
				<key>ASSETCATALOG_COMPILER_APPICON_NAME</key>
				<string>AppIcon</string>
				<key>CLANG_ENABLE_MODULES</key>
				<string>YES</string>
				<key>INFOPLIST_FILE</key>
				<string>Raccoon/Info.plist</string>
				<key>IPHONEOS_DEPLOYMENT_TARGET</key>
				<string>9.0</string>
				<key>LD_RUNPATH_SEARCH_PATHS</key>
				<string>$(inherited) @executable_path/Frameworks</string>
				<key>MODULE_NAME</key>
				<string>ExampleApp</string>
				<key>PRODUCT_BUNDLE_IDENTIFIER</key>
				<string>org.cocoapods.demo.$(PRODUCT_NAME:rfc1034identifier)</string>
				<key>PRODUCT_NAME</key>
				<string>$(TARGET_NAME)</string>
				<key>SWIFT_OBJC_BRIDGING_HEADER</key>
				<string>Raccoon/Raccoon_Example-Bridging-Header.h</string>
			</dict>
			<key>isa</key>
			<string>XCBuildConfiguration</string>
			<key>name</key>
			<string>Release</string>
		</dict>
		<key>607FACF21AFB9204008FA782</key>
		<dict>
			<key>buildConfigurations</key>
			<array>
				<string>607FACF31AFB9204008FA782</string>
				<string>607FACF41AFB9204008FA782</string>
			</array>
			<key>defaultConfigurationIsVisible</key>
			<string>0</string>
			<key>defaultConfigurationName</key>
			<string>Release</string>
			<key>isa</key>
			<string>XCConfigurationList</string>
		</dict>
		<key>607FACF31AFB9204008FA782</key>
		<dict>
			<key>buildSettings</key>
			<dict>
				<key>BUNDLE_LOADER</key>
				<string>$(TEST_HOST)</string>
				<key>FRAMEWORK_SEARCH_PATHS</key>
				<array>
					<string>$(SDKROOT)/Developer/Library/Frameworks</string>
					<string>$(inherited)</string>
				</array>
				<key>GCC_PREPROCESSOR_DEFINITIONS</key>
				<array>
					<string>DEBUG=1</string>
					<string>$(inherited)</string>
				</array>
				<key>INFOPLIST_FILE</key>
				<string>Tests/Info.plist</string>
				<key>LD_RUNPATH_SEARCH_PATHS</key>
				<string>$(inherited) @executable_path/Frameworks @loader_path/Frameworks</string>
				<key>PRODUCT_BUNDLE_IDENTIFIER</key>
				<string>org.cocoapods.$(PRODUCT_NAME:rfc1034identifier)</string>
				<key>PRODUCT_NAME</key>
				<string>$(TARGET_NAME)</string>
				<key>TEST_HOST</key>
				<string>$(BUILT_PRODUCTS_DIR)/Raccoon_Example.app/Raccoon_Example</string>
			</dict>
			<key>isa</key>
			<string>XCBuildConfiguration</string>
			<key>name</key>
			<string>Debug</string>
		</dict>
		<key>607FACF41AFB9204008FA782</key>
		<dict>
			<key>buildSettings</key>
			<dict>
				<key>BUNDLE_LOADER</key>
				<string>$(TEST_HOST)</string>
				<key>FRAMEWORK_SEARCH_PATHS</key>
				<array>
					<string>$(SDKROOT)/Developer/Library/Frameworks</string>
					<string>$(inherited)</string>
				</array>
				<key>INFOPLIST_FILE</key>
				<string>Tests/Info.plist</string>
				<key>LD_RUNPATH_SEARCH_PATHS</key>
				<string>$(inherited) @executable_path/Frameworks @loader_path/Frameworks</string>
				<key>PRODUCT_BUNDLE_IDENTIFIER</key>
				<string>org.cocoapods.$(PRODUCT_NAME:rfc1034identifier)</string>
				<key>PRODUCT_NAME</key>
				<string>$(TARGET_NAME)</string>
				<key>TEST_HOST</key>
				<string>$(BUILT_PRODUCTS_DIR)/Raccoon_Example.app/Raccoon_Example</string>
			</dict>
			<key>isa</key>
			<string>XCBuildConfiguration</string>
			<key>name</key>
			<string>Release</string>
		</dict>
		<key>607FACF51AFB993E008FA782</key>
		<dict>
			<key>children</key>
			<array>
				<string>4D4A7C00D66BC872B5C26B6A</string>
				<string>CA5575E11B2CDDBB9DDA76F6</string>
				<string>C2E9426BA17A353C2B0835AB</string>
			</array>
			<key>isa</key>
			<string>PBXGroup</string>
			<key>name</key>
			<string>Podspec Metadata</string>
			<key>sourceTree</key>
			<string>&lt;group&gt;</string>
		</dict>
		<key>7B5F1C881CAD2A1300FD2002</key>
		<dict>
			<key>fileEncoding</key>
			<string>4</string>
			<key>isa</key>
			<string>PBXFileReference</string>
			<key>lastKnownFileType</key>
			<string>sourcecode.swift</string>
			<key>path</key>
			<string>ListViewModel.swift</string>
			<key>sourceTree</key>
			<string>&lt;group&gt;</string>
		</dict>
		<key>7B5F1C891CAD2A1300FD2002</key>
		<dict>
			<key>fileRef</key>
			<string>7B5F1C881CAD2A1300FD2002</string>
			<key>isa</key>
			<string>PBXBuildFile</string>
		</dict>
		<key>7B5F1C8C1CAD2CCB00FD2002</key>
		<dict>
			<key>fileEncoding</key>
			<string>4</string>
			<key>isa</key>
			<string>PBXFileReference</string>
			<key>lastKnownFileType</key>
			<string>sourcecode.swift</string>
			<key>path</key>
			<string>ListCellViewModel.swift</string>
			<key>sourceTree</key>
			<string>&lt;group&gt;</string>
		</dict>
		<key>7B5F1C8D1CAD2CCB00FD2002</key>
		<dict>
			<key>fileRef</key>
			<string>7B5F1C8C1CAD2CCB00FD2002</string>
			<key>isa</key>
			<string>PBXBuildFile</string>
		</dict>
		<key>7B5F1C8E1CAD2D7B00FD2002</key>
		<dict>
			<key>fileEncoding</key>
			<string>4</string>
			<key>isa</key>
			<string>PBXFileReference</string>
			<key>lastKnownFileType</key>
			<string>sourcecode.swift</string>
			<key>path</key>
			<string>ListCollectionViewCell.swift</string>
			<key>sourceTree</key>
			<string>&lt;group&gt;</string>
		</dict>
		<key>7B5F1C8F1CAD2D7B00FD2002</key>
		<dict>
			<key>fileEncoding</key>
			<string>4</string>
			<key>isa</key>
			<string>PBXFileReference</string>
			<key>lastKnownFileType</key>
			<string>file.xib</string>
			<key>path</key>
			<string>ListCollectionViewCell.xib</string>
			<key>sourceTree</key>
			<string>&lt;group&gt;</string>
		</dict>
		<key>7B5F1C901CAD2D7B00FD2002</key>
		<dict>
			<key>fileRef</key>
			<string>7B5F1C8E1CAD2D7B00FD2002</string>
			<key>isa</key>
			<string>PBXBuildFile</string>
		</dict>
		<key>7B5F1C911CAD2D7B00FD2002</key>
		<dict>
			<key>fileRef</key>
			<string>7B5F1C8F1CAD2D7B00FD2002</string>
			<key>isa</key>
			<string>PBXBuildFile</string>
		</dict>
		<key>7B5F1C921CAD39CE00FD2002</key>
		<dict>
			<key>fileEncoding</key>
			<string>4</string>
			<key>isa</key>
			<string>PBXFileReference</string>
			<key>lastKnownFileType</key>
			<string>text.json</string>
			<key>path</key>
			<string>Example.json</string>
			<key>sourceTree</key>
			<string>&lt;group&gt;</string>
		</dict>
		<key>7B5F1C931CAD39CE00FD2002</key>
		<dict>
			<key>fileRef</key>
			<string>7B5F1C921CAD39CE00FD2002</string>
			<key>isa</key>
			<string>PBXBuildFile</string>
		</dict>
		<key>7B5F1C941CAD624E00FD2002</key>
		<dict>
			<key>children</key>
			<array>
				<string>7B5F1C8C1CAD2CCB00FD2002</string>
				<string>7B5F1C8E1CAD2D7B00FD2002</string>
				<string>7B5F1C8F1CAD2D7B00FD2002</string>
				<string>C65FEC871CB2CEB300520B4F</string>
				<string>C65FEC8B1CB2D19200520B4F</string>
				<string>C65FEC8D1CB2D1BA00520B4F</string>
				<string>C6FD0C991CB3C85400B48BD6</string>
				<string>C6FD0C971CB3C82A00B48BD6</string>
				<string>C6FD0C9B1CB3CDFD00B48BD6</string>
				<string>C6DC44611CBD1D8F001728E5</string>
				<string>C6DC44631CBD1DB8001728E5</string>
				<string>C6DC445F1CBD0FA2001728E5</string>
			</array>
			<key>isa</key>
			<string>PBXGroup</string>
			<key>name</key>
			<string>Cell</string>
			<key>sourceTree</key>
			<string>&lt;group&gt;</string>
		</dict>
		<key>7B5F1C951CAD625300FD2002</key>
		<dict>
			<key>children</key>
			<array>
				<string>7B5F1C941CAD624E00FD2002</string>
				<string>7B5F1C881CAD2A1300FD2002</string>
				<string>607FACD71AFB9204008FA782</string>
				<string>C65FEC7D1CB27C7800520B4F</string>
				<string>C65FEC7F1CB2979B00520B4F</string>
				<string>C6DC44651CBD20DA001728E5</string>
				<string>C6DC44671CBD2119001728E5</string>
			</array>
			<key>isa</key>
			<string>PBXGroup</string>
			<key>name</key>
			<string>TrackList</string>
			<key>sourceTree</key>
			<string>&lt;group&gt;</string>
		</dict>
		<key>7B5F1C961CAD625900FD2002</key>
		<dict>
			<key>children</key>
			<array>
				<string>7B5F1C951CAD625300FD2002</string>
			</array>
			<key>isa</key>
			<string>PBXGroup</string>
			<key>name</key>
			<string>View/ViewModel Layer</string>
			<key>sourceTree</key>
			<string>&lt;group&gt;</string>
		</dict>
		<key>7B5F1C971CAD62D100FD2002</key>
		<dict>
			<key>fileEncoding</key>
			<string>4</string>
			<key>isa</key>
			<string>PBXFileReference</string>
			<key>lastKnownFileType</key>
			<string>sourcecode.swift</string>
			<key>path</key>
			<string>RESTManager.swift</string>
			<key>sourceTree</key>
			<string>&lt;group&gt;</string>
		</dict>
		<key>7B5F1C981CAD62D100FD2002</key>
		<dict>
			<key>fileRef</key>
			<string>7B5F1C971CAD62D100FD2002</string>
			<key>isa</key>
			<string>PBXBuildFile</string>
		</dict>
		<key>7B801FC01CAF316D007E17B2</key>
		<dict>
			<key>fileEncoding</key>
			<string>4</string>
			<key>isa</key>
			<string>PBXFileReference</string>
			<key>lastKnownFileType</key>
			<string>sourcecode.swift</string>
			<key>path</key>
			<string>Track.swift</string>
			<key>sourceTree</key>
			<string>&lt;group&gt;</string>
		</dict>
		<key>7B801FC11CAF316D007E17B2</key>
		<dict>
			<key>fileRef</key>
			<string>7B801FC01CAF316D007E17B2</string>
			<key>isa</key>
			<string>PBXBuildFile</string>
		</dict>
		<key>7B801FC21CAF34AC007E17B2</key>
		<dict>
			<key>children</key>
			<array>
				<string>7B5F1C971CAD62D100FD2002</string>
				<string>7B801FC01CAF316D007E17B2</string>
			</array>
			<key>isa</key>
			<string>PBXGroup</string>
			<key>name</key>
			<string>Model Layer</string>
			<key>sourceTree</key>
			<string>&lt;group&gt;</string>
		</dict>
		<key>7BE7915B1CC6613B0023FF08</key>
		<dict>
			<key>isa</key>
			<string>PBXFileReference</string>
			<key>lastKnownFileType</key>
			<string>sourcecode.c.h</string>
			<key>path</key>
			<string>Raccoon_Example-Bridging-Header.h</string>
			<key>sourceTree</key>
			<string>&lt;group&gt;</string>
		</dict>
		<key>8089B45A0398BF32BF82C977</key>
		<dict>
			<key>buildActionMask</key>
			<string>2147483647</string>
			<key>files</key>
			<array/>
			<key>inputPaths</key>
			<array/>
			<key>isa</key>
			<string>PBXShellScriptBuildPhase</string>
			<key>name</key>
			<string>&#128230; Check Pods Manifest.lock</string>
			<key>outputPaths</key>
			<array/>
			<key>runOnlyForDeploymentPostprocessing</key>
			<string>0</string>
			<key>shellPath</key>
			<string>/bin/sh</string>
			<key>shellScript</key>
			<string>diff "${PODS_ROOT}/../Podfile.lock" "${PODS_ROOT}/Manifest.lock" &gt; /dev/null
if [[ $? != 0 ]] ; then
    cat &lt;&lt; EOM
error: The sandbox is not in sync with the Podfile.lock. Run 'pod install' or update your CocoaPods installation.
EOM
    exit 1
fi
</string>
			<key>showEnvVarsInLog</key>
			<string>0</string>
		</dict>
		<key>80DEF1C543FD3599B6102409</key>
		<dict>
			<key>buildActionMask</key>
			<string>2147483647</string>
			<key>files</key>
			<array/>
			<key>inputPaths</key>
			<array/>
			<key>isa</key>
			<string>PBXShellScriptBuildPhase</string>
			<key>name</key>
			<string>&#128230; Embed Pods Frameworks</string>
			<key>outputPaths</key>
			<array/>
			<key>runOnlyForDeploymentPostprocessing</key>
			<string>0</string>
			<key>shellPath</key>
			<string>/bin/sh</string>
			<key>shellScript</key>
			<string>"${SRCROOT}/Pods/Target Support Files/Pods-Raccoon_Example/Pods-Raccoon_Example-frameworks.sh"
</string>
			<key>showEnvVarsInLog</key>
			<string>0</string>
		</dict>
		<key>A737D47C722395D14D3B0BD2</key>
		<dict>
			<key>children</key>
			<array>
				<string>21BAAECC89C2822AFE4D3A44</string>
				<string>4F5F01683480C8B33C03613B</string>
			</array>
			<key>isa</key>
			<string>PBXGroup</string>
			<key>name</key>
			<string>Pods</string>
			<key>sourceTree</key>
			<string>&lt;group&gt;</string>
		</dict>
		<key>A820CDFFF705BB891D50C27D</key>
		<dict>
			<key>buildActionMask</key>
			<string>2147483647</string>
			<key>files</key>
			<array/>
			<key>inputPaths</key>
			<array/>
			<key>isa</key>
			<string>PBXShellScriptBuildPhase</string>
			<key>name</key>
			<string>Embed Pods Frameworks</string>
			<key>outputPaths</key>
			<array/>
			<key>runOnlyForDeploymentPostprocessing</key>
			<string>0</string>
			<key>shellPath</key>
			<string>/bin/sh</string>
			<key>shellScript</key>
			<string>"${SRCROOT}/Pods/Target Support Files/Pods-Raccoon_Example/Pods-Raccoon_Example-frameworks.sh"
</string>
			<key>showEnvVarsInLog</key>
			<string>0</string>
		</dict>
		<key>A95F0661E11FD44D0DF1A9F5</key>
		<dict>
			<key>fileRef</key>
			<string>5DD06A6D11E8CE05BE1FB667</string>
			<key>isa</key>
			<string>PBXBuildFile</string>
		</dict>
		<key>BB60A8272A26C7878FB451BA</key>
		<dict>
			<key>buildActionMask</key>
			<string>2147483647</string>
			<key>files</key>
			<array/>
			<key>inputPaths</key>
			<array/>
			<key>isa</key>
			<string>PBXShellScriptBuildPhase</string>
			<key>name</key>
			<string>&#128230; Copy Pods Resources</string>
			<key>outputPaths</key>
			<array/>
			<key>runOnlyForDeploymentPostprocessing</key>
			<string>0</string>
			<key>shellPath</key>
			<string>/bin/sh</string>
			<key>shellScript</key>
			<string>"${SRCROOT}/Pods/Target Support Files/Pods-Raccoon_Example/Pods-Raccoon_Example-resources.sh"
</string>
			<key>showEnvVarsInLog</key>
			<string>0</string>
		</dict>
		<key>C2E9426BA17A353C2B0835AB</key>
		<dict>
			<key>includeInIndex</key>
			<string>1</string>
			<key>isa</key>
			<string>PBXFileReference</string>
			<key>lastKnownFileType</key>
			<string>text</string>
			<key>name</key>
			<string>LICENSE</string>
			<key>path</key>
			<string>../LICENSE</string>
			<key>sourceTree</key>
			<string>&lt;group&gt;</string>
		</dict>
		<key>C65FEC7D1CB27C7800520B4F</key>
		<dict>
			<key>fileEncoding</key>
			<string>4</string>
			<key>isa</key>
			<string>PBXFileReference</string>
			<key>lastKnownFileType</key>
			<string>sourcecode.swift</string>
			<key>path</key>
			<string>DetailViewModel.swift</string>
			<key>sourceTree</key>
			<string>&lt;group&gt;</string>
		</dict>
		<key>C65FEC7E1CB27C7800520B4F</key>
		<dict>
			<key>fileRef</key>
			<string>C65FEC7D1CB27C7800520B4F</string>
			<key>isa</key>
			<string>PBXBuildFile</string>
		</dict>
		<key>C65FEC7F1CB2979B00520B4F</key>
		<dict>
			<key>fileEncoding</key>
			<string>4</string>
			<key>isa</key>
			<string>PBXFileReference</string>
			<key>lastKnownFileType</key>
			<string>sourcecode.swift</string>
			<key>path</key>
			<string>DetailViewController.swift</string>
			<key>sourceTree</key>
			<string>&lt;group&gt;</string>
		</dict>
		<key>C65FEC801CB2979B00520B4F</key>
		<dict>
			<key>fileRef</key>
			<string>C65FEC7F1CB2979B00520B4F</string>
			<key>isa</key>
			<string>PBXBuildFile</string>
		</dict>
		<key>C65FEC871CB2CEB300520B4F</key>
		<dict>
			<key>fileEncoding</key>
			<string>4</string>
			<key>isa</key>
			<string>PBXFileReference</string>
			<key>lastKnownFileType</key>
			<string>sourcecode.swift</string>
			<key>path</key>
			<string>DetailCellViewModel.swift</string>
			<key>sourceTree</key>
			<string>&lt;group&gt;</string>
		</dict>
		<key>C65FEC881CB2CEB300520B4F</key>
		<dict>
			<key>fileRef</key>
			<string>C65FEC871CB2CEB300520B4F</string>
			<key>isa</key>
			<string>PBXBuildFile</string>
		</dict>
		<key>C65FEC8B1CB2D19200520B4F</key>
		<dict>
			<key>fileEncoding</key>
			<string>4</string>
			<key>isa</key>
			<string>PBXFileReference</string>
			<key>lastKnownFileType</key>
			<string>sourcecode.swift</string>
			<key>path</key>
			<string>DetailCollectionViewCell.swift</string>
			<key>sourceTree</key>
			<string>&lt;group&gt;</string>
		</dict>
		<key>C65FEC8C1CB2D19200520B4F</key>
		<dict>
			<key>fileRef</key>
			<string>C65FEC8B1CB2D19200520B4F</string>
			<key>isa</key>
			<string>PBXBuildFile</string>
		</dict>
		<key>C65FEC8D1CB2D1BA00520B4F</key>
		<dict>
			<key>fileEncoding</key>
			<string>4</string>
			<key>isa</key>
			<string>PBXFileReference</string>
			<key>lastKnownFileType</key>
			<string>file.xib</string>
			<key>path</key>
			<string>DetailCollectionViewCell.xib</string>
			<key>sourceTree</key>
			<string>&lt;group&gt;</string>
		</dict>
		<key>C65FEC8E1CB2D1BA00520B4F</key>
		<dict>
			<key>fileRef</key>
			<string>C65FEC8D1CB2D1BA00520B4F</string>
			<key>isa</key>
			<string>PBXBuildFile</string>
		</dict>
		<key>C6DC445F1CBD0FA2001728E5</key>
		<dict>
			<key>fileEncoding</key>
			<string>4</string>
			<key>isa</key>
			<string>PBXFileReference</string>
			<key>lastKnownFileType</key>
			<string>file.xib</string>
			<key>path</key>
			<string>ListView.xib</string>
			<key>sourceTree</key>
			<string>&lt;group&gt;</string>
		</dict>
		<key>C6DC44601CBD0FA2001728E5</key>
		<dict>
			<key>fileRef</key>
			<string>C6DC445F1CBD0FA2001728E5</string>
			<key>isa</key>
			<string>PBXBuildFile</string>
		</dict>
		<key>C6DC44611CBD1D8F001728E5</key>
		<dict>
			<key>fileEncoding</key>
			<string>4</string>
			<key>isa</key>
			<string>PBXFileReference</string>
			<key>lastKnownFileType</key>
			<string>sourcecode.swift</string>
			<key>path</key>
			<string>ListModel.swift</string>
			<key>sourceTree</key>
			<string>&lt;group&gt;</string>
		</dict>
		<key>C6DC44621CBD1D8F001728E5</key>
		<dict>
			<key>fileRef</key>
			<string>C6DC44611CBD1D8F001728E5</string>
			<key>isa</key>
			<string>PBXBuildFile</string>
		</dict>
		<key>C6DC44631CBD1DB8001728E5</key>
		<dict>
			<key>fileEncoding</key>
			<string>4</string>
			<key>isa</key>
			<string>PBXFileReference</string>
			<key>lastKnownFileType</key>
			<string>sourcecode.swift</string>
			<key>path</key>
			<string>ListView.swift</string>
			<key>sourceTree</key>
			<string>&lt;group&gt;</string>
		</dict>
		<key>C6DC44641CBD1DB8001728E5</key>
		<dict>
			<key>fileRef</key>
			<string>C6DC44631CBD1DB8001728E5</string>
			<key>isa</key>
			<string>PBXBuildFile</string>
		</dict>
		<key>C6DC44651CBD20DA001728E5</key>
		<dict>
			<key>fileEncoding</key>
			<string>4</string>
			<key>isa</key>
			<string>PBXFileReference</string>
			<key>lastKnownFileType</key>
			<string>sourcecode.swift</string>
			<key>path</key>
			<string>DetailModel.swift</string>
			<key>sourceTree</key>
			<string>&lt;group&gt;</string>
		</dict>
		<key>C6DC44661CBD20DA001728E5</key>
		<dict>
			<key>fileRef</key>
			<string>C6DC44651CBD20DA001728E5</string>
			<key>isa</key>
			<string>PBXBuildFile</string>
		</dict>
		<key>C6DC44671CBD2119001728E5</key>
		<dict>
			<key>fileEncoding</key>
			<string>4</string>
			<key>isa</key>
			<string>PBXFileReference</string>
			<key>lastKnownFileType</key>
			<string>sourcecode.swift</string>
			<key>path</key>
			<string>DetailController.swift</string>
			<key>sourceTree</key>
			<string>&lt;group&gt;</string>
		</dict>
		<key>C6DC44681CBD2119001728E5</key>
		<dict>
			<key>fileRef</key>
			<string>C6DC44671CBD2119001728E5</string>
			<key>isa</key>
			<string>PBXBuildFile</string>
		</dict>
		<key>C6FD0C971CB3C82A00B48BD6</key>
		<dict>
			<key>fileEncoding</key>
			<string>4</string>
			<key>isa</key>
			<string>PBXFileReference</string>
			<key>lastKnownFileType</key>
			<string>sourcecode.swift</string>
			<key>path</key>
			<string>PreviewCollectionViewCell.swift</string>
			<key>sourceTree</key>
			<string>&lt;group&gt;</string>
		</dict>
		<key>C6FD0C981CB3C82A00B48BD6</key>
		<dict>
			<key>fileRef</key>
			<string>C6FD0C971CB3C82A00B48BD6</string>
			<key>isa</key>
			<string>PBXBuildFile</string>
		</dict>
		<key>C6FD0C991CB3C85400B48BD6</key>
		<dict>
			<key>fileEncoding</key>
			<string>4</string>
			<key>isa</key>
			<string>PBXFileReference</string>
			<key>lastKnownFileType</key>
			<string>sourcecode.swift</string>
			<key>path</key>
			<string>PreviewCellViewModel.swift</string>
			<key>sourceTree</key>
			<string>&lt;group&gt;</string>
		</dict>
		<key>C6FD0C9A1CB3C85400B48BD6</key>
		<dict>
			<key>fileRef</key>
			<string>C6FD0C991CB3C85400B48BD6</string>
			<key>isa</key>
			<string>PBXBuildFile</string>
		</dict>
		<key>C6FD0C9B1CB3CDFD00B48BD6</key>
		<dict>
			<key>fileEncoding</key>
			<string>4</string>
			<key>isa</key>
			<string>PBXFileReference</string>
			<key>lastKnownFileType</key>
			<string>file.xib</string>
			<key>path</key>
			<string>PreviewCollectionViewCell.xib</string>
			<key>sourceTree</key>
			<string>&lt;group&gt;</string>
		</dict>
		<key>C6FD0C9C1CB3CDFD00B48BD6</key>
		<dict>
			<key>fileRef</key>
			<string>C6FD0C9B1CB3CDFD00B48BD6</string>
			<key>isa</key>
			<string>PBXBuildFile</string>
		</dict>
		<key>CA5575E11B2CDDBB9DDA76F6</key>
		<dict>
			<key>includeInIndex</key>
			<string>1</string>
			<key>isa</key>
			<string>PBXFileReference</string>
			<key>lastKnownFileType</key>
			<string>net.daringfireball.markdown</string>
			<key>name</key>
			<string>README.md</string>
			<key>path</key>
			<string>../README.md</string>
			<key>sourceTree</key>
			<string>&lt;group&gt;</string>
		</dict>
		<key>D44D5CF230F398A59DB09224</key>
		<dict>
			<key>children</key>
			<array>
				<string>5DD06A6D11E8CE05BE1FB667</string>
			</array>
			<key>isa</key>
			<string>PBXGroup</string>
			<key>name</key>
			<string>Frameworks</string>
			<key>sourceTree</key>
			<string>&lt;group&gt;</string>
		</dict>
	</dict>
	<key>rootObject</key>
	<string>607FACC81AFB9204008FA782</string>
</dict>
</plist>
